
Microsoft Visual Studio Solution File, Format Version 12.00
# Visual Studio Version 16
VisualStudioVersion = 16.0.29306.81
MinimumVisualStudioVersion = 10.0.40219.1
Project("{9A19103F-16F7-4668-BE54-9A1E7A4F7556}") = "Bert.RateLimiters", "src\Bert.RateLimiters\Bert.RateLimiters.csproj", "{1E4D1740-6C89-4E71-8B56-D092DB6E0BF9}"
EndProject
Project("{FAE04EC0-301F-11D3-BF4B-00C04F79EFBC}") = "Bert.RateLimiters.Tests", "src\Bert.RateLimiters.Tests\Bert.RateLimiters.Tests.csproj", "{178AB826-2A29-4359-B1FE-6E9E3A8B625B}"
EndProject
Global
	GlobalSection(SolutionConfigurationPlatforms) = preSolution
		Debug|Any CPU = Debug|Any CPU
		Release|Any CPU = Release|Any CPU
	EndGlobalSection
	GlobalSection(ProjectConfigurationPlatforms) = postSolution
		{1E4D1740-6C89-4E71-8B56-D092DB6E0BF9}.Debug|Any CPU.ActiveCfg = Debug|Any CPU
		{1E4D1740-6C89-4E71-8B56-D092DB6E0BF9}.Debug|Any CPU.Build.0 = Debug|Any CPU
		{1E4D1740-6C89-4E71-8B56-D092DB6E0BF9}.Release|Any CPU.ActiveCfg = Release|Any CPU
		{1E4D1740-6C89-4E71-8B56-D092DB6E0BF9}.Release|Any CPU.Build.0 = Release|Any CPU
		{178AB826-2A29-4359-B1FE-6E9E3A8B625B}.Debug|Any CPU.ActiveCfg = Debug|Any CPU
		{178AB826-2A29-4359-B1FE-6E9E3A8B625B}.Debug|Any CPU.Build.0 = Debug|Any CPU
		{178AB826-2A29-4359-B1FE-6E9E3A8B625B}.Release|Any CPU.ActiveCfg = Release|Any CPU
		{178AB826-2A29-4359-B1FE-6E9E3A8B625B}.Release|Any CPU.Build.0 = Release|Any CPU
	EndGlobalSection
	GlobalSection(SolutionProperties) = preSolution
		HideSolutionNode = FALSE
	EndGlobalSection
	GlobalSection(ExtensibilityGlobals) = postSolution
		SolutionGuid = {12ED8E78-4F71-412F-905A-1C7713C4758B}
	EndGlobalSection
EndGlobal
